{
  "version": 4,
  "terraform_version": "1.13.3",
  "serial": 149,
  "lineage": "27a380ab-11d7-c095-f42b-77b384c13e67",
  "outputs": {
    "public_ip": {
      "value": "3.90.66.243",
      "type": "string"
    }
  },
  "resources": [
    {
      "module": "module.ec2",
      "mode": "data",
      "type": "aws_ami",
      "name": "ubuntu",
      "provider": "provider[\"registry.terraform.io/hashicorp/aws\"]",
      "instances": [
        {
          "schema_version": 0,
          "attributes": {
            "allow_unsafe_filter": null,
            "architecture": "x86_64",
            "arn": "arn:aws:ec2:us-east-1::image/ami-07a3add10195338ad",
            "block_device_mappings": [
              {
                "device_name": "/dev/sda1",
                "ebs": {
                  "delete_on_termination": "true",
                  "encrypted": "false",
                  "iops": "0",
                  "snapshot_id": "snap-00f414d0be0188761",
                  "throughput": "0",
                  "volume_initialization_rate": "0",
                  "volume_size": "8",
                  "volume_type": "gp2"
                },
                "no_device": "",
                "virtual_name": ""
              },
              {
                "device_name": "/dev/sdb",
                "ebs": {},
                "no_device": "",
                "virtual_name": "ephemeral0"
              },
              {
                "device_name": "/dev/sdc",
                "ebs": {},
                "no_device": "",
                "virtual_name": "ephemeral1"
              }
            ],
            "boot_mode": "uefi-preferred",
            "creation_date": "2025-10-01T06:46:53.000Z",
            "deprecation_time": "2027-10-01T06:46:53.000Z",
            "description": "Canonical, Ubuntu, 22.04, amd64 jammy image",
            "ena_support": true,
            "executable_users": null,
            "filter": [
              {
                "name": "name",
                "values": [
                  "ubuntu/images/hvm-ssd/ubuntu-jammy-22.04-amd64-server-*"
                ]
              },
              {
                "name": "virtualization-type",
                "values": [
                  "hvm"
                ]
              }
            ],
            "hypervisor": "xen",
            "id": "ami-07a3add10195338ad",
            "image_id": "ami-07a3add10195338ad",
            "image_location": "amazon/ubuntu/images/hvm-ssd/ubuntu-jammy-22.04-amd64-server-20251001",
            "image_owner_alias": "amazon",
            "image_type": "machine",
            "imds_support": "",
            "include_deprecated": false,
            "kernel_id": "",
            "last_launched_time": "",
            "most_recent": true,
            "name": "ubuntu/images/hvm-ssd/ubuntu-jammy-22.04-amd64-server-20251001",
            "name_regex": null,
            "owner_id": "099720109477",
            "owners": [
              "099720109477"
            ],
            "platform": "",
            "platform_details": "Linux/UNIX",
            "product_codes": [],
            "public": true,
            "ramdisk_id": "",
            "region": "us-east-1",
            "root_device_name": "/dev/sda1",
            "root_device_type": "ebs",
            "root_snapshot_id": "snap-00f414d0be0188761",
            "sriov_net_support": "simple",
            "state": "available",
            "state_reason": {
              "code": "UNSET",
              "message": "UNSET"
            },
            "tags": {},
            "timeouts": null,
            "tpm_support": "",
            "uefi_data": null,
            "usage_operation": "RunInstances",
            "virtualization_type": "hvm"
          },
          "sensitive_attributes": [],
          "identity_schema_version": 0
        }
      ]
    },
    {
      "module": "module.ec2",
      "mode": "managed",
      "type": "aws_instance",
      "name": "web",
      "provider": "provider[\"registry.terraform.io/hashicorp/aws\"]",
      "instances": [
        {
          "schema_version": 2,
          "attributes": {
            "ami": "ami-07a3add10195338ad",
            "arn": "arn:aws:ec2:us-east-1:624448302051:instance/i-0c8b5b00e8b252a66",
            "associate_public_ip_address": true,
            "availability_zone": "us-east-1c",
            "capacity_reservation_specification": [
              {
                "capacity_reservation_preference": "open",
                "capacity_reservation_target": []
              }
            ],
            "cpu_options": [
              {
                "amd_sev_snp": "",
                "core_count": 1,
                "threads_per_core": 1
              }
            ],
            "credit_specification": [
              {
                "cpu_credits": "standard"
              }
            ],
            "disable_api_stop": false,
            "disable_api_termination": false,
            "ebs_block_device": [],
            "ebs_optimized": false,
            "enable_primary_ipv6": null,
            "enclave_options": [
              {
                "enabled": false
              }
            ],
            "ephemeral_block_device": [],
            "force_destroy": false,
            "get_password_data": false,
            "hibernation": false,
            "host_id": "",
            "host_resource_group_arn": null,
            "iam_instance_profile": "",
            "id": "i-0c8b5b00e8b252a66",
            "instance_initiated_shutdown_behavior": "stop",
            "instance_lifecycle": "",
            "instance_market_options": [],
            "instance_state": "running",
            "instance_type": "t2.micro",
            "ipv6_address_count": 0,
            "ipv6_addresses": [],
            "key_name": "",
            "launch_template": [],
            "maintenance_options": [
              {
                "auto_recovery": "default"
              }
            ],
            "metadata_options": [
              {
                "http_endpoint": "enabled",
                "http_protocol_ipv6": "disabled",
                "http_put_response_hop_limit": 1,
                "http_tokens": "optional",
                "instance_metadata_tags": "disabled"
              }
            ],
            "monitoring": false,
            "network_interface": [],
            "outpost_arn": "",
            "password_data": "",
            "placement_group": "",
            "placement_group_id": "",
            "placement_partition_number": 0,
            "primary_network_interface": [
              {
                "delete_on_termination": true,
                "network_interface_id": "eni-0ddc7da3f011c83f9"
              }
            ],
            "primary_network_interface_id": "eni-0ddc7da3f011c83f9",
            "private_dns": "ip-10-0-1-49.ec2.internal",
            "private_dns_name_options": [
              {
                "enable_resource_name_dns_a_record": false,
                "enable_resource_name_dns_aaaa_record": false,
                "hostname_type": "ip-name"
              }
            ],
            "private_ip": "10.0.1.49",
            "public_dns": "",
            "public_ip": "3.90.66.243",
            "region": "us-east-1",
            "root_block_device": [
              {
                "delete_on_termination": true,
                "device_name": "/dev/sda1",
                "encrypted": false,
                "iops": 100,
                "kms_key_id": "",
                "tags": {},
                "tags_all": {},
                "throughput": 0,
                "volume_id": "vol-0a16316308b0e7167",
                "volume_size": 8,
                "volume_type": "gp2"
              }
            ],
            "secondary_private_ips": [],
            "security_groups": [],
            "source_dest_check": true,
            "spot_instance_request_id": "",
            "subnet_id": "subnet-0bd770db7b0f100e5",
            "tags": {
              "Name": "pravesh-portfolio-instance"
            },
            "tags_all": {
              "Name": "pravesh-portfolio-instance"
            },
            "tenancy": "default",
            "timeouts": null,
            "user_data": "#!/bin/bash\napt get update -y\napt install -y apache2\nsystemctl start apache2\nsystemctl enable apache2\ncat \u003e /var/www/html/index.html \u003c\u003cEOT\n\u003c!DOCTYPE html\u003e\n\u003chtml lang=\"en\"\u003e\n\u003chead\u003e\n    \u003cmeta charset=\"UTF-8\"\u003e\n    \u003cmeta name=\"viewport\" content=\"width=device-width, initial-scale=1.0\"\u003e\n    \u003ctitle\u003ePravesh Sudha - DevOps Engineer \u0026 AWS Community Builder\u003c/title\u003e\n    \u003cstyle\u003e\n        /* Modern, professional design with tech-focused colors inspired by DevOps themes */\n        body {\n            font-family: 'Segoe UI', Tahoma, Geneva, Verdana, sans-serif;\n            margin: 0;\n            padding: 0;\n            background-color: #0d1117; /* Dark mode background for a tech feel */\n            color: #e6edf3; /* Light text for contrast */\n            display: flex;\n            justify-content: center;\n            align-items: center;\n            min-height: 100vh;\n        }\n\n        /* Card Container Styling */\n        .container {\n            background-color: #161b22; /* Slightly lighter inner card background */\n            padding: 40px;\n            border-radius: 16px;\n            box-shadow: 0 15px 35px rgba(0, 255, 200, 0.15); /* Neon glow effect for shadow */\n            max-width: 700px;\n            text-align: center;\n            border: 1px solid #30363d; /* Subtle border */\n        }\n\n        /* Title Styling */\n        .title {\n            font-size: 3em;\n            margin-bottom: 10px;\n            font-weight: 800;\n            /* Gradient for an innovative look (Blue to Green for DevOps theme) */\n            background: linear-gradient(45deg, #007bff, #00ff88);\n            -webkit-background-clip: text;\n            -webkit-text-fill-color: transparent;\n            display: inline-block;\n            letter-spacing: 1.5px;\n        }\n\n        /* Subtitle/Slogan Styling */\n        .slogan {\n            font-size: 1.3em;\n            color: #58a6ff; /* Bright blue secondary color */\n            margin-bottom: 25px;\n            font-style: italic;\n        }\n\n        /* Description Styling */\n        .description {\n            font-size: 1.1em;\n            color: #b3ccff; /* Muted blue for main text */\n            line-height: 1.7;\n            text-align: left;\n            padding-top: 20px;\n            border-top: 1px solid #30363d;\n            margin-top: 20px;\n        }\n\n        /* Achievements Section */\n        .achievements {\n            text-align: left;\n            margin-top: 30px;\n            padding: 20px;\n            background-color: #0d1117;\n            border-radius: 8px;\n            border: 1px solid #30363d;\n        }\n\n        .achievements h2 {\n            color: #00ff88;\n            text-align: center;\n            margin-bottom: 15px;\n        }\n\n        .achievement-item {\n            margin-bottom: 15px;\n            padding-left: 20px;\n            position: relative;\n        }\n\n        .achievement-item::before {\n            content: \"🚀\";\n            position: absolute;\n            left: 0;\n        }\n\n        /* Links Section */\n        .links {\n            margin-top: 20px;\n            display: flex;\n            justify-content: space-around;\n            flex-wrap: wrap;\n        }\n\n        .link {\n            color: #58a6ff;\n            text-decoration: none;\n            margin: 5px;\n            font-weight: bold;\n        }\n\n        .link:hover {\n            text-decoration: underline;\n        }\n\n        .highlight {\n            color: #00ff88; /* Neon green highlight for key terms */\n            font-weight: 600;\n        }\n    \u003c/style\u003e\n\u003c/head\u003e\n\u003cbody\u003e\n\n    \u003cdiv class=\"container\"\u003e\n\n        \u003ch1 class=\"title\"\u003e\n            👨‍💻 Pravesh Sudha\n        \u003c/h1\u003e\n\n        \u003cp class=\"slogan\"\u003e\n            DevOps Engineer | AWS Community Builder | Open Source Enthusiast\n        \u003c/p\u003e\n\n        \u003cp class=\"description\"\u003e\n            Hello! I'm \u003cstrong\u003ePravesh Sudha\u003c/strong\u003e, a passionate \u003cspan class=\"highlight\"\u003eDevOps Engineer\u003c/span\u003e with over 2 years of experience in automation, cloud computing, and infrastructure as code. Originally from a philosophy background, I transitioned into tech as a self-taught developer, blending critical thinking with hands-on expertise to solve complex challenges. As a \u003cspan class=\"highlight\"\u003eCertified AWS Solutions Architect\u003c/span\u003e and \u003cspan class=\"highlight\"\u003eAWS Community Builder (Containers)\u003c/span\u003e, I specialize in designing scalable AWS architectures using tools like Terraform, Jenkins, Docker, Kubernetes, and CI/CD pipelines.\n        \u003c/p\u003e\n\n        \u003cdiv class=\"achievements\"\u003e\n            \u003ch2\u003eLatest Achievements\u003c/h2\u003e\n            \u003cdiv class=\"achievement-item\"\u003e\n                Published a comprehensive guide on \u003cspan class=\"highlight\"\u003eCI/CD for Terraform with GitHub Actions\u003c/span\u003e, deploying a Node.js + Redis app on AWS – a hands-on tutorial for automating infrastructure and app deployment (September 2025).\n            \u003c/div\u003e\n            \u003cdiv class=\"achievement-item\"\u003e\n                Contributed to the \u003cspan class=\"highlight\"\u003eKestra Open Source Project\u003c/span\u003e, enhancing workflow orchestration tools for DevOps teams.\n            \u003c/div\u003e\n            \u003cdiv class=\"achievement-item\"\u003e\n                Reduced production downtime by \u003cspan class=\"highlight\"\u003e75%\u003c/span\u003e through optimized AWS infrastructure and automation pipelines for client projects.\n            \u003c/div\u003e\n            \u003cdiv class=\"achievement-item\"\u003e\n                Created and deployed full DevOps pipelines for applications like a Flask-based To-Do app and the 2048 game using \u003cspan class=\"highlight\"\u003eTerraform, Jenkins, and Docker\u003c/span\u003e.\n            \u003c/div\u003e\n            \u003cdiv class=\"achievement-item\"\u003e\n                Active open-source contributions to projects like \u003cspan class=\"highlight\"\u003eTestkube\u003c/span\u003e and \u003cspan class=\"highlight\"\u003eWeMakeDevs\u003c/span\u003e, sharing beginner-friendly DevOps workflows.\n            \u003c/div\u003e\n            \u003cdiv class=\"achievement-item\"\u003e\n                Launched the \u003cspan class=\"highlight\"\u003e100 Days of Code\u003c/span\u003e challenge on GitHub, documenting daily learnings in DevOps tools to inspire the community.\n            \u003c/div\u003e\n        \u003c/div\u003e\n\n        \u003cdiv class=\"description\"\u003e\n            When I'm not freelancing or blogging, I create educational content on YouTube and Medium to help others navigate the world of cloud and DevOps. Let's connect and build something amazing together!\n        \u003c/div\u003e\n\n        \u003cdiv class=\"links\"\u003e\n            \u003ca href=\"https://github.com/Pravesh-Sudha\" class=\"link\" target=\"_blank\"\u003eGitHub\u003c/a\u003e\n            \u003ca href=\"https://www.linkedin.com/in/pravesh-sudha/\" class=\"link\" target=\"_blank\"\u003eLinkedIn\u003c/a\u003e\n            \u003ca href=\"https://praveshsudha.com/\" class=\"link\" target=\"_blank\"\u003eWebsite\u003c/a\u003e\n            \u003ca href=\"https://www.youtube.com/@pravesh-sudha\" class=\"link\" target=\"_blank\"\u003eYouTube\u003c/a\u003e\n            \u003ca href=\"https://x.com/praveshstwt\" class=\"link\" target=\"_blank\"\u003eX (Twitter)\u003c/a\u003e\n            \u003ca href=\"https://blog.praveshsudha.com/\" class=\"link\" target=\"_blank\"\u003eBlog\u003c/a\u003e\n        \u003c/div\u003e\n\n    \u003c/div\u003e\n\n\u003c/body\u003e\n\u003c/html\u003e\nEOT\n",
            "user_data_base64": null,
            "user_data_replace_on_change": false,
            "volume_tags": null,
            "vpc_security_group_ids": [
              "sg-0726c51c0a416f782"
            ]
          },
          "sensitive_attributes": [],
          "identity_schema_version": 0,
          "identity": {
            "account_id": "624448302051",
            "id": "i-0c8b5b00e8b252a66",
            "region": "us-east-1"
          },
          "private": "eyJlMmJmYjczMC1lY2FhLTExZTYtOGY4OC0zNDM2M2JjN2M0YzAiOnsiY3JlYXRlIjo2MDAwMDAwMDAwMDAsImRlbGV0ZSI6MTIwMDAwMDAwMDAwMCwicmVhZCI6OTAwMDAwMDAwMDAwLCJ1cGRhdGUiOjYwMDAwMDAwMDAwMH0sInNjaGVtYV92ZXJzaW9uIjoiMiJ9",
          "dependencies": [
            "module.ec2.data.aws_ami.ubuntu",
            "module.security_group.aws_security_group.web",
            "module.vpc.aws_subnet.public",
            "module.vpc.aws_vpc.main"
          ]
        }
      ]
    },
    {
      "module": "module.security_group",
      "mode": "managed",
      "type": "aws_security_group",
      "name": "web",
      "provider": "provider[\"registry.terraform.io/hashicorp/aws\"]",
      "instances": [
        {
          "schema_version": 1,
          "attributes": {
            "arn": "arn:aws:ec2:us-east-1:624448302051:security-group/sg-0726c51c0a416f782",
            "description": "Managed by Terraform",
            "egress": [
              {
                "cidr_blocks": [
                  "0.0.0.0/0"
                ],
                "description": "",
                "from_port": 0,
                "ipv6_cidr_blocks": [],
                "prefix_list_ids": [],
                "protocol": "-1",
                "security_groups": [],
                "self": false,
                "to_port": 0
              }
            ],
            "id": "sg-0726c51c0a416f782",
            "ingress": [
              {
                "cidr_blocks": [
                  "0.0.0.0/0"
                ],
                "description": "",
                "from_port": 22,
                "ipv6_cidr_blocks": [],
                "prefix_list_ids": [],
                "protocol": "tcp",
                "security_groups": [],
                "self": false,
                "to_port": 22
              },
              {
                "cidr_blocks": [
                  "0.0.0.0/0"
                ],
                "description": "",
                "from_port": 80,
                "ipv6_cidr_blocks": [],
                "prefix_list_ids": [],
                "protocol": "tcp",
                "security_groups": [],
                "self": false,
                "to_port": 80
              }
            ],
            "name": "pravesh-portfolio-web-sg",
            "name_prefix": "",
            "owner_id": "624448302051",
            "region": "us-east-1",
            "revoke_rules_on_delete": false,
            "tags": {
              "Name": "pravesh-portfolio-web-sg"
            },
            "tags_all": {
              "Name": "pravesh-portfolio-web-sg"
            },
            "timeouts": null,
            "vpc_id": "vpc-0a40641a082d7b8b5"
          },
          "sensitive_attributes": [],
          "identity_schema_version": 0,
          "identity": {
            "account_id": "624448302051",
            "id": "sg-0726c51c0a416f782",
            "region": "us-east-1"
          },
          "private": "eyJlMmJmYjczMC1lY2FhLTExZTYtOGY4OC0zNDM2M2JjN2M0YzAiOnsiY3JlYXRlIjo2MDAwMDAwMDAwMDAsImRlbGV0ZSI6OTAwMDAwMDAwMDAwfSwic2NoZW1hX3ZlcnNpb24iOiIxIn0=",
          "dependencies": [
            "module.vpc.aws_vpc.main"
          ]
        }
      ]
    },
    {
      "module": "module.vpc",
      "mode": "managed",
      "type": "aws_internet_gateway",
      "name": "main",
      "provider": "provider[\"registry.terraform.io/hashicorp/aws\"]",
      "instances": [
        {
          "schema_version": 0,
          "attributes": {
            "arn": "arn:aws:ec2:us-east-1:624448302051:internet-gateway/igw-01bd81de3f11b0671",
            "id": "igw-01bd81de3f11b0671",
            "owner_id": "624448302051",
            "region": "us-east-1",
            "tags": {
              "Name": "pravesh-portfolio-igw"
            },
            "tags_all": {
              "Name": "pravesh-portfolio-igw"
            },
            "timeouts": null,
            "vpc_id": "vpc-0a40641a082d7b8b5"
          },
          "sensitive_attributes": [],
          "identity_schema_version": 0,
          "private": "eyJlMmJmYjczMC1lY2FhLTExZTYtOGY4OC0zNDM2M2JjN2M0YzAiOnsiY3JlYXRlIjoxMjAwMDAwMDAwMDAwLCJkZWxldGUiOjEyMDAwMDAwMDAwMDAsInVwZGF0ZSI6MTIwMDAwMDAwMDAwMH19",
          "dependencies": [
            "module.vpc.aws_vpc.main"
          ]
        }
      ]
    },
    {
      "module": "module.vpc",
      "mode": "managed",
      "type": "aws_route_table",
      "name": "public",
      "provider": "provider[\"registry.terraform.io/hashicorp/aws\"]",
      "instances": [
        {
          "schema_version": 0,
          "attributes": {
            "arn": "arn:aws:ec2:us-east-1:624448302051:route-table/rtb-0beddaa3282948ba9",
            "id": "rtb-0beddaa3282948ba9",
            "owner_id": "624448302051",
            "propagating_vgws": [],
            "region": "us-east-1",
            "route": [
              {
                "carrier_gateway_id": "",
                "cidr_block": "0.0.0.0/0",
                "core_network_arn": "",
                "destination_prefix_list_id": "",
                "egress_only_gateway_id": "",
                "gateway_id": "igw-01bd81de3f11b0671",
                "ipv6_cidr_block": "",
                "local_gateway_id": "",
                "nat_gateway_id": "",
                "network_interface_id": "",
                "transit_gateway_id": "",
                "vpc_endpoint_id": "",
                "vpc_peering_connection_id": ""
              }
            ],
            "tags": {
              "Name": "pravesh-portfolio-public-rt"
            },
            "tags_all": {
              "Name": "pravesh-portfolio-public-rt"
            },
            "timeouts": null,
            "vpc_id": "vpc-0a40641a082d7b8b5"
          },
          "sensitive_attributes": [],
          "identity_schema_version": 0,
          "identity": {
            "account_id": "624448302051",
            "id": "rtb-0beddaa3282948ba9",
            "region": "us-east-1"
          },
          "private": "eyJlMmJmYjczMC1lY2FhLTExZTYtOGY4OC0zNDM2M2JjN2M0YzAiOnsiY3JlYXRlIjozMDAwMDAwMDAwMDAsImRlbGV0ZSI6MzAwMDAwMDAwMDAwLCJ1cGRhdGUiOjEyMDAwMDAwMDAwMH19",
          "dependencies": [
            "module.vpc.aws_internet_gateway.main",
            "module.vpc.aws_vpc.main"
          ]
        }
      ]
    },
    {
      "module": "module.vpc",
      "mode": "managed",
      "type": "aws_route_table_association",
      "name": "public",
      "provider": "provider[\"registry.terraform.io/hashicorp/aws\"]",
      "instances": [
        {
          "schema_version": 0,
          "attributes": {
            "gateway_id": "",
            "id": "rtbassoc-08de0c520c707ab8f",
            "region": "us-east-1",
            "route_table_id": "rtb-0beddaa3282948ba9",
            "subnet_id": "subnet-0bd770db7b0f100e5",
            "timeouts": null
          },
          "sensitive_attributes": [],
          "identity_schema_version": 0,
          "private": "eyJlMmJmYjczMC1lY2FhLTExZTYtOGY4OC0zNDM2M2JjN2M0YzAiOnsiY3JlYXRlIjozMDAwMDAwMDAwMDAsImRlbGV0ZSI6MzAwMDAwMDAwMDAwLCJ1cGRhdGUiOjEyMDAwMDAwMDAwMH19",
          "dependencies": [
            "module.vpc.aws_internet_gateway.main",
            "module.vpc.aws_route_table.public",
            "module.vpc.aws_subnet.public",
            "module.vpc.aws_vpc.main"
          ]
        }
      ]
    },
    {
      "module": "module.vpc",
      "mode": "managed",
      "type": "aws_subnet",
      "name": "public",
      "provider": "provider[\"registry.terraform.io/hashicorp/aws\"]",
      "instances": [
        {
          "schema_version": 1,
          "attributes": {
            "arn": "arn:aws:ec2:us-east-1:624448302051:subnet/subnet-0bd770db7b0f100e5",
            "assign_ipv6_address_on_creation": false,
            "availability_zone": "us-east-1c",
            "availability_zone_id": "use1-az4",
            "cidr_block": "10.0.1.0/24",
            "customer_owned_ipv4_pool": "",
            "enable_dns64": false,
            "enable_lni_at_device_index": 0,
            "enable_resource_name_dns_a_record_on_launch": false,
            "enable_resource_name_dns_aaaa_record_on_launch": false,
            "id": "subnet-0bd770db7b0f100e5",
            "ipv6_cidr_block": "",
            "ipv6_cidr_block_association_id": "",
            "ipv6_native": false,
            "map_customer_owned_ip_on_launch": false,
            "map_public_ip_on_launch": true,
            "outpost_arn": "",
            "owner_id": "624448302051",
            "private_dns_hostname_type_on_launch": "ip-name",
            "region": "us-east-1",
            "tags": {
              "Name": "pravesh-portfolio-subnet"
            },
            "tags_all": {
              "Name": "pravesh-portfolio-subnet"
            },
            "timeouts": null,
            "vpc_id": "vpc-0a40641a082d7b8b5"
          },
          "sensitive_attributes": [],
          "identity_schema_version": 0,
          "identity": {
            "account_id": "624448302051",
            "id": "subnet-0bd770db7b0f100e5",
            "region": "us-east-1"
          },
          "private": "eyJlMmJmYjczMC1lY2FhLTExZTYtOGY4OC0zNDM2M2JjN2M0YzAiOnsiY3JlYXRlIjo2MDAwMDAwMDAwMDAsImRlbGV0ZSI6MTIwMDAwMDAwMDAwMH0sInNjaGVtYV92ZXJzaW9uIjoiMSJ9",
          "dependencies": [
            "module.vpc.aws_vpc.main"
          ]
        }
      ]
    },
    {
      "module": "module.vpc",
      "mode": "managed",
      "type": "aws_vpc",
      "name": "main",
      "provider": "provider[\"registry.terraform.io/hashicorp/aws\"]",
      "instances": [
        {
          "schema_version": 1,
          "attributes": {
            "arn": "arn:aws:ec2:us-east-1:624448302051:vpc/vpc-0a40641a082d7b8b5",
            "assign_generated_ipv6_cidr_block": false,
            "cidr_block": "10.0.0.0/16",
            "default_network_acl_id": "acl-01b4639ddd4361bbe",
            "default_route_table_id": "rtb-0602dca0441417a18",
            "default_security_group_id": "sg-0eef2ad9ca72c3efa",
            "dhcp_options_id": "dopt-0bfe8e393cd5493d7",
            "enable_dns_hostnames": false,
            "enable_dns_support": true,
            "enable_network_address_usage_metrics": false,
            "id": "vpc-0a40641a082d7b8b5",
            "instance_tenancy": "default",
            "ipv4_ipam_pool_id": null,
            "ipv4_netmask_length": null,
            "ipv6_association_id": "",
            "ipv6_cidr_block": "",
            "ipv6_cidr_block_network_border_group": "",
            "ipv6_ipam_pool_id": "",
            "ipv6_netmask_length": 0,
            "main_route_table_id": "rtb-0602dca0441417a18",
            "owner_id": "624448302051",
            "region": "us-east-1",
            "tags": {
              "Name": "pravesh-portfolio-vpc"
            },
            "tags_all": {
              "Name": "pravesh-portfolio-vpc"
            }
          },
          "sensitive_attributes": [],
          "identity_schema_version": 0,
          "private": "eyJzY2hlbWFfdmVyc2lvbiI6IjEifQ=="
        }
      ]
    }
  ],
  "check_results": null
}
